# This file is automatically @generated by Cargo.
# It is not intended for manual editing.
version = 4

[[package]]
name = "datum-api"
version = "0.0.1"

[[package]]
name = "datum-bin"
version = "0.0.1"

[[package]]
name = "datum-blocktemplates"
version = "0.0.1"

[[package]]
name = "datum-coinbaser"
version = "0.0.1"

[[package]]
name = "datum-config"
version = "0.0.1"

[[package]]
name = "datum-dupes"
version = "0.0.1"

[[package]]
name = "datum-protocol"
version = "0.0.1"

[[package]]
name = "datum-rpc"
version = "0.0.1"

[[package]]
name = "datum-stratum-sv1"
version = "0.0.1"

[[package]]
name = "datum-stratum-sv2"
version = "0.0.1"

[[package]]
name = "datum-submitblock"
version = "0.0.1"
